
Microsoft Visual Studio Solution File, Format Version 12.00
# Visual Studio Version 17
VisualStudioVersion = 17.7.34031.279
MinimumVisualStudioVersion = 10.0.40219.1
Project("{FAE04EC0-301F-11D3-BF4B-00C04F79EFBC}") = "ApiVersioning", "ApiVersioning.csproj", "{AADDE2A0-05F1-4B14-AF1E-B180E3328732}"
EndProject
Global
	GlobalSection(SolutionConfigurationPlatforms) = preSolution
		Debug|Any CPU = Debug|Any CPU
		Release|Any CPU = Release|Any CPU
	EndGlobalSection
	GlobalSection(ProjectConfigurationPlatforms) = postSolution
		{AADDE2A0-05F1-4B14-AF1E-B180E3328732}.Debug|Any CPU.ActiveCfg = Debug|Any CPU
		{AADDE2A0-05F1-4B14-AF1E-B180E3328732}.Debug|Any CPU.Build.0 = Debug|Any CPU
		{AADDE2A0-05F1-4B14-AF1E-B180E3328732}.Release|Any CPU.ActiveCfg = Release|Any CPU
		{AADDE2A0-05F1-4B14-AF1E-B180E3328732}.Release|Any CPU.Build.0 = Release|Any CPU
	EndGlobalSection
	GlobalSection(SolutionProperties) = preSolution
		HideSolutionNode = FALSE
	EndGlobalSection
	GlobalSection(ExtensibilityGlobals) = postSolution
		SolutionGuid = {3BB024E7-1704-40AB-8784-2542D36D9D13}
	EndGlobalSection
EndGlobal
